
Microsoft Visual Studio Solution File, Format Version 12.00
# Visual Studio Version 17
VisualStudioVersion = 17.11.35312.102
MinimumVisualStudioVersion = 10.0.40219.1
Project("{FAE04EC0-301F-11D3-BF4B-00C04F79EFBC}") = "AdvC#2-Demo", "AdvC#2-Demo.csproj", "{323342B0-D328-40DD-BED3-079D0A17C510}"
EndProject
Global
	GlobalSection(SolutionConfigurationPlatforms) = preSolution
		Debug|Any CPU = Debug|Any CPU
		Release|Any CPU = Release|Any CPU
	EndGlobalSection
	GlobalSection(ProjectConfigurationPlatforms) = postSolution
		{323342B0-D328-40DD-BED3-079D0A17C510}.Debug|Any CPU.ActiveCfg = Debug|Any CPU
		{323342B0-D328-40DD-BED3-079D0A17C510}.Debug|Any CPU.Build.0 = Debug|Any CPU
		{323342B0-D328-40DD-BED3-079D0A17C510}.Release|Any CPU.ActiveCfg = Release|Any CPU
		{323342B0-D328-40DD-BED3-079D0A17C510}.Release|Any CPU.Build.0 = Release|Any CPU
	EndGlobalSection
	GlobalSection(SolutionProperties) = preSolution
		HideSolutionNode = FALSE
	EndGlobalSection
	GlobalSection(ExtensibilityGlobals) = postSolution
		SolutionGuid = {75C24CD6-23CC-4CFF-B486-B66F41060F54}
	EndGlobalSection
EndGlobal
